
Microsoft Visual Studio Solution File, Format Version 12.00
# Visual Studio Express 2012 for Windows Desktop
Project("{FAE04EC0-301F-11D3-BF4B-00C04F79EFBC}") = "Bugsense.WPF", "Bugsense.WPF\Bugsense.WPF.csproj", "{96D7FDAA-341F-49D9-B910-1F349CA565D7}"
EndProject
Project("{FAE04EC0-301F-11D3-BF4B-00C04F79EFBC}") = "SampleApplication", "SampleApplication\SampleApplication.csproj", "{D02DC379-52BD-4A49-8C16-00F3B928B60B}"
EndProject
Project("{2150E333-8FDC-42A3-9474-1A3956D46DE8}") = "Solution Items", "Solution Items", "{4F3D8434-F0A4-4DC5-B469-625F62E8A5D2}"
	ProjectSection(SolutionItems) = preProject
		README.md = README.md
	EndProjectSection
EndProject
Project("{2150E333-8FDC-42A3-9474-1A3956D46DE8}") = "nuget", "nuget", "{D242F5ED-0798-4B40-A4FF-FAF185639B9B}"
	ProjectSection(SolutionItems) = preProject
		nuget\Bugsense.WPF.dll.nuspec = nuget\Bugsense.WPF.dll.nuspec
		Instructions.txt = Instructions.txt
	EndProjectSection
EndProject
Global
	GlobalSection(SolutionConfigurationPlatforms) = preSolution
		Debug|Any CPU = Debug|Any CPU
		Debug|Mixed Platforms = Debug|Mixed Platforms
		Debug|x86 = Debug|x86
		Release|Any CPU = Release|Any CPU
		Release|Mixed Platforms = Release|Mixed Platforms
		Release|x86 = Release|x86
	EndGlobalSection
	GlobalSection(ProjectConfigurationPlatforms) = postSolution
		{96D7FDAA-341F-49D9-B910-1F349CA565D7}.Debug|Any CPU.ActiveCfg = Debug|Any CPU
		{96D7FDAA-341F-49D9-B910-1F349CA565D7}.Debug|Any CPU.Build.0 = Debug|Any CPU
		{96D7FDAA-341F-49D9-B910-1F349CA565D7}.Debug|Mixed Platforms.ActiveCfg = Debug|Any CPU
		{96D7FDAA-341F-49D9-B910-1F349CA565D7}.Debug|Mixed Platforms.Build.0 = Debug|Any CPU
		{96D7FDAA-341F-49D9-B910-1F349CA565D7}.Debug|x86.ActiveCfg = Debug|Any CPU
		{96D7FDAA-341F-49D9-B910-1F349CA565D7}.Release|Any CPU.ActiveCfg = Release|Any CPU
		{96D7FDAA-341F-49D9-B910-1F349CA565D7}.Release|Any CPU.Build.0 = Release|Any CPU
		{96D7FDAA-341F-49D9-B910-1F349CA565D7}.Release|Mixed Platforms.ActiveCfg = Release|Any CPU
		{96D7FDAA-341F-49D9-B910-1F349CA565D7}.Release|Mixed Platforms.Build.0 = Release|Any CPU
		{96D7FDAA-341F-49D9-B910-1F349CA565D7}.Release|x86.ActiveCfg = Release|Any CPU
		{D02DC379-52BD-4A49-8C16-00F3B928B60B}.Debug|Any CPU.ActiveCfg = Debug|x86
		{D02DC379-52BD-4A49-8C16-00F3B928B60B}.Debug|Mixed Platforms.ActiveCfg = Debug|x86
		{D02DC379-52BD-4A49-8C16-00F3B928B60B}.Debug|Mixed Platforms.Build.0 = Debug|x86
		{D02DC379-52BD-4A49-8C16-00F3B928B60B}.Debug|x86.ActiveCfg = Debug|x86
		{D02DC379-52BD-4A49-8C16-00F3B928B60B}.Debug|x86.Build.0 = Debug|x86
		{D02DC379-52BD-4A49-8C16-00F3B928B60B}.Release|Any CPU.ActiveCfg = Release|x86
		{D02DC379-52BD-4A49-8C16-00F3B928B60B}.Release|Mixed Platforms.ActiveCfg = Release|x86
		{D02DC379-52BD-4A49-8C16-00F3B928B60B}.Release|Mixed Platforms.Build.0 = Release|x86
		{D02DC379-52BD-4A49-8C16-00F3B928B60B}.Release|x86.ActiveCfg = Release|x86
		{D02DC379-52BD-4A49-8C16-00F3B928B60B}.Release|x86.Build.0 = Release|x86
	EndGlobalSection
	GlobalSection(SolutionProperties) = preSolution
		HideSolutionNode = FALSE
	EndGlobalSection
EndGlobal
